# This file is automatically @generated by Cargo.
# It is not intended for manual editing.
version = 3

[[package]]
name = "leetcode_array"
version = "0.1.0"

[[package]]
name = "leetcode_backtracking"
version = "0.1.0"

[[package]]
name = "leetcode_dp"
version = "0.1.0"

[[package]]
name = "leetcode_greedy"
version = "0.1.0"

[[package]]
name = "leetcode_priority_queue"
version = "0.1.0"

[[package]]
name = "leetcode_sliding_window"
version = "0.1.0"

[[package]]
name = "leetcode_stack"
version = "0.1.0"

[[package]]
name = "leetcode_string"
version = "0.1.0"

[[package]]
name = "leetcode_trie"
version = "0.1.0"
